
Microsoft Visual Studio Solution File, Format Version 12.00
# Visual Studio Version 16
VisualStudioVersion = 16.0.31613.86
MinimumVisualStudioVersion = 10.0.40219.1
Project("{FAE04EC0-301F-11D3-BF4B-00C04F79EFBC}") = "CandidatesWebApp", "CandidatesWebApp\CandidatesWebApp.csproj", "{ED66D7D8-47BD-4586-8F3A-C01213F64D18}"
EndProject
Project("{FAE04EC0-301F-11D3-BF4B-00C04F79EFBC}") = "CandidatesWebApp.Test", "CandidatesWebApp.Test\CandidatesWebApp.Test.csproj", "{DFEDB618-A7C1-45FD-895B-7580B44E22F3}"
EndProject
Global
	GlobalSection(SolutionConfigurationPlatforms) = preSolution
		Debug|Any CPU = Debug|Any CPU
		Release|Any CPU = Release|Any CPU
	EndGlobalSection
	GlobalSection(ProjectConfigurationPlatforms) = postSolution
		{ED66D7D8-47BD-4586-8F3A-C01213F64D18}.Debug|Any CPU.ActiveCfg = Debug|Any CPU
		{ED66D7D8-47BD-4586-8F3A-C01213F64D18}.Debug|Any CPU.Build.0 = Debug|Any CPU
		{ED66D7D8-47BD-4586-8F3A-C01213F64D18}.Release|Any CPU.ActiveCfg = Release|Any CPU
		{ED66D7D8-47BD-4586-8F3A-C01213F64D18}.Release|Any CPU.Build.0 = Release|Any CPU
		{DFEDB618-A7C1-45FD-895B-7580B44E22F3}.Debug|Any CPU.ActiveCfg = Debug|Any CPU
		{DFEDB618-A7C1-45FD-895B-7580B44E22F3}.Debug|Any CPU.Build.0 = Debug|Any CPU
		{DFEDB618-A7C1-45FD-895B-7580B44E22F3}.Release|Any CPU.ActiveCfg = Release|Any CPU
		{DFEDB618-A7C1-45FD-895B-7580B44E22F3}.Release|Any CPU.Build.0 = Release|Any CPU
	EndGlobalSection
	GlobalSection(SolutionProperties) = preSolution
		HideSolutionNode = FALSE
	EndGlobalSection
	GlobalSection(ExtensibilityGlobals) = postSolution
		SolutionGuid = {19291D11-7522-4ECC-A12E-0B8576E0E354}
	EndGlobalSection
EndGlobal
